
Microsoft Visual Studio Solution File, Format Version 12.00
# Visual Studio Version 16
VisualStudioVersion = 16.0.31112.23
MinimumVisualStudioVersion = 10.0.40219.1
Project("{FAE04EC0-301F-11D3-BF4B-00C04F79EFBC}") = "senai_spmed_webApi", "senai_spmed_webApi\senai_spmed_webApi.csproj", "{FC759A4F-D8C4-42BE-8B55-74C81BB5ED5E}"
EndProject
Global
	GlobalSection(SolutionConfigurationPlatforms) = preSolution
		Debug|Any CPU = Debug|Any CPU
		Release|Any CPU = Release|Any CPU
	EndGlobalSection
	GlobalSection(ProjectConfigurationPlatforms) = postSolution
		{FC759A4F-D8C4-42BE-8B55-74C81BB5ED5E}.Debug|Any CPU.ActiveCfg = Debug|Any CPU
		{FC759A4F-D8C4-42BE-8B55-74C81BB5ED5E}.Debug|Any CPU.Build.0 = Debug|Any CPU
		{FC759A4F-D8C4-42BE-8B55-74C81BB5ED5E}.Release|Any CPU.ActiveCfg = Release|Any CPU
		{FC759A4F-D8C4-42BE-8B55-74C81BB5ED5E}.Release|Any CPU.Build.0 = Release|Any CPU
	EndGlobalSection
	GlobalSection(SolutionProperties) = preSolution
		HideSolutionNode = FALSE
	EndGlobalSection
	GlobalSection(ExtensibilityGlobals) = postSolution
		SolutionGuid = {4A210DFA-2A77-4306-991F-50E5CFA50CDE}
	EndGlobalSection
EndGlobal
