
Microsoft Visual Studio Solution File, Format Version 12.00
# Visual Studio Version 16
VisualStudioVersion = 16.0.31112.23
MinimumVisualStudioVersion = 10.0.40219.1
Project("{FAE04EC0-301F-11D3-BF4B-00C04F79EFBC}") = "senai_hroads_webApi", "senai_hroads_webApi\senai_hroads_webApi.csproj", "{59201880-D575-4931-B103-34E8C9997F60}"
EndProject
Global
	GlobalSection(SolutionConfigurationPlatforms) = preSolution
		Debug|Any CPU = Debug|Any CPU
		Release|Any CPU = Release|Any CPU
	EndGlobalSection
	GlobalSection(ProjectConfigurationPlatforms) = postSolution
		{59201880-D575-4931-B103-34E8C9997F60}.Debug|Any CPU.ActiveCfg = Debug|Any CPU
		{59201880-D575-4931-B103-34E8C9997F60}.Debug|Any CPU.Build.0 = Debug|Any CPU
		{59201880-D575-4931-B103-34E8C9997F60}.Release|Any CPU.ActiveCfg = Release|Any CPU
		{59201880-D575-4931-B103-34E8C9997F60}.Release|Any CPU.Build.0 = Release|Any CPU
	EndGlobalSection
	GlobalSection(SolutionProperties) = preSolution
		HideSolutionNode = FALSE
	EndGlobalSection
	GlobalSection(ExtensibilityGlobals) = postSolution
		SolutionGuid = {D871AF09-6315-4CD1-948B-916C582722D2}
	EndGlobalSection
EndGlobal
